// !$*UTF8*$!
{
	archiveVersion = 1;
	classes = {
	};
	objectVersion = 56;
	objects = {

/* Begin PBXBuildFile section */
		FA6871642B7CFC1B0079D8CB /* AddTodoViewController.swift in Sources */ = {isa = PBXBuildFile; fileRef = FA6871632B7CFC1B0079D8CB /* AddTodoViewController.swift */; };
		FA6871672B7CFE120079D8CB /* AddTodoTableViewCell.swift in Sources */ = {isa = PBXBuildFile; fileRef = FA6871662B7CFE120079D8CB /* AddTodoTableViewCell.swift */; };
		FA68716A2B7D066E0079D8CB /* SeSACColor.swift in Sources */ = {isa = PBXBuildFile; fileRef = FA6871692B7D066E0079D8CB /* SeSACColor.swift */; };
		FA68716C2B7D101E0079D8CB /* AddTodoTableHeaderView.swift in Sources */ = {isa = PBXBuildFile; fileRef = FA68716B2B7D101E0079D8CB /* AddTodoTableHeaderView.swift */; };
		FA68716F2B7D1D2D0079D8CB /* DueDateViewController.swift in Sources */ = {isa = PBXBuildFile; fileRef = FA68716E2B7D1D2D0079D8CB /* DueDateViewController.swift */; };
		FA6871722B7D1D7F0079D8CB /* FSCalendar in Frameworks */ = {isa = PBXBuildFile; productRef = FA6871712B7D1D7F0079D8CB /* FSCalendar */; };
		FAB4FF4B2B7CD19500B564DB /* AppDelegate.swift in Sources */ = {isa = PBXBuildFile; fileRef = FAB4FF4A2B7CD19500B564DB /* AppDelegate.swift */; };
		FAB4FF4D2B7CD19500B564DB /* SceneDelegate.swift in Sources */ = {isa = PBXBuildFile; fileRef = FAB4FF4C2B7CD19500B564DB /* SceneDelegate.swift */; };
		FAB4FF4F2B7CD19500B564DB /* ViewController.swift in Sources */ = {isa = PBXBuildFile; fileRef = FAB4FF4E2B7CD19500B564DB /* ViewController.swift */; };
		FAB4FF522B7CD19500B564DB /* Main.storyboard in Resources */ = {isa = PBXBuildFile; fileRef = FAB4FF502B7CD19500B564DB /* Main.storyboard */; };
		FAB4FF542B7CD19700B564DB /* Assets.xcassets in Resources */ = {isa = PBXBuildFile; fileRef = FAB4FF532B7CD19700B564DB /* Assets.xcassets */; };
		FAB4FF572B7CD19700B564DB /* LaunchScreen.storyboard in Resources */ = {isa = PBXBuildFile; fileRef = FAB4FF552B7CD19700B564DB /* LaunchScreen.storyboard */; };
		FAB4FF602B7CD2AF00B564DB /* BaseViewController.swift in Sources */ = {isa = PBXBuildFile; fileRef = FAB4FF5F2B7CD2AF00B564DB /* BaseViewController.swift */; };
		FAB4FF642B7CD32000B564DB /* SnapKit in Frameworks */ = {isa = PBXBuildFile; productRef = FAB4FF632B7CD32000B564DB /* SnapKit */; };
		FAB4FF672B7CD34C00B564DB /* Toast in Frameworks */ = {isa = PBXBuildFile; productRef = FAB4FF662B7CD34C00B564DB /* Toast */; };
		FAB4FF692B7CD38200B564DB /* CategoryViewController.swift in Sources */ = {isa = PBXBuildFile; fileRef = FAB4FF682B7CD38200B564DB /* CategoryViewController.swift */; };
		FAB4FF6B2B7CD7C800B564DB /* CategoryCollectionViewCell.swift in Sources */ = {isa = PBXBuildFile; fileRef = FAB4FF6A2B7CD7C800B564DB /* CategoryCollectionViewCell.swift */; };
		FAB4FF6D2B7CDCF500B564DB /* TodoModel.swift in Sources */ = {isa = PBXBuildFile; fileRef = FAB4FF6C2B7CDCF500B564DB /* TodoModel.swift */; };
/* End PBXBuildFile section */

/* Begin PBXFileReference section */
		FA6871632B7CFC1B0079D8CB /* AddTodoViewController.swift */ = {isa = PBXFileReference; lastKnownFileType = sourcecode.swift; path = AddTodoViewController.swift; sourceTree = "<group>"; };
		FA6871662B7CFE120079D8CB /* AddTodoTableViewCell.swift */ = {isa = PBXFileReference; lastKnownFileType = sourcecode.swift; path = AddTodoTableViewCell.swift; sourceTree = "<group>"; };
		FA6871692B7D066E0079D8CB /* SeSACColor.swift */ = {isa = PBXFileReference; lastKnownFileType = sourcecode.swift; path = SeSACColor.swift; sourceTree = "<group>"; };
		FA68716B2B7D101E0079D8CB /* AddTodoTableHeaderView.swift */ = {isa = PBXFileReference; lastKnownFileType = sourcecode.swift; path = AddTodoTableHeaderView.swift; sourceTree = "<group>"; };
		FA68716E2B7D1D2D0079D8CB /* DueDateViewController.swift */ = {isa = PBXFileReference; lastKnownFileType = sourcecode.swift; path = DueDateViewController.swift; sourceTree = "<group>"; };
		FAB4FF472B7CD19500B564DB /* SeSAC4TodoList.app */ = {isa = PBXFileReference; explicitFileType = wrapper.application; includeInIndex = 0; path = SeSAC4TodoList.app; sourceTree = BUILT_PRODUCTS_DIR; };
		FAB4FF4A2B7CD19500B564DB /* AppDelegate.swift */ = {isa = PBXFileReference; lastKnownFileType = sourcecode.swift; path = AppDelegate.swift; sourceTree = "<group>"; };
		FAB4FF4C2B7CD19500B564DB /* SceneDelegate.swift */ = {isa = PBXFileReference; lastKnownFileType = sourcecode.swift; path = SceneDelegate.swift; sourceTree = "<group>"; };
		FAB4FF4E2B7CD19500B564DB /* ViewController.swift */ = {isa = PBXFileReference; lastKnownFileType = sourcecode.swift; path = ViewController.swift; sourceTree = "<group>"; };
		FAB4FF512B7CD19500B564DB /* Base */ = {isa = PBXFileReference; lastKnownFileType = file.storyboard; name = Base; path = Base.lproj/Main.storyboard; sourceTree = "<group>"; };
		FAB4FF532B7CD19700B564DB /* Assets.xcassets */ = {isa = PBXFileReference; lastKnownFileType = folder.assetcatalog; path = Assets.xcassets; sourceTree = "<group>"; };
		FAB4FF562B7CD19700B564DB /* Base */ = {isa = PBXFileReference; lastKnownFileType = file.storyboard; name = Base; path = Base.lproj/LaunchScreen.storyboard; sourceTree = "<group>"; };
		FAB4FF582B7CD19700B564DB /* Info.plist */ = {isa = PBXFileReference; lastKnownFileType = text.plist.xml; path = Info.plist; sourceTree = "<group>"; };
		FAB4FF5F2B7CD2AF00B564DB /* BaseViewController.swift */ = {isa = PBXFileReference; fileEncoding = 4; lastKnownFileType = sourcecode.swift; path = BaseViewController.swift; sourceTree = "<group>"; };
		FAB4FF682B7CD38200B564DB /* CategoryViewController.swift */ = {isa = PBXFileReference; lastKnownFileType = sourcecode.swift; path = CategoryViewController.swift; sourceTree = "<group>"; };
		FAB4FF6A2B7CD7C800B564DB /* CategoryCollectionViewCell.swift */ = {isa = PBXFileReference; lastKnownFileType = sourcecode.swift; path = CategoryCollectionViewCell.swift; sourceTree = "<group>"; };
		FAB4FF6C2B7CDCF500B564DB /* TodoModel.swift */ = {isa = PBXFileReference; lastKnownFileType = sourcecode.swift; path = TodoModel.swift; sourceTree = "<group>"; };
/* End PBXFileReference section */

/* Begin PBXFrameworksBuildPhase section */
		FAB4FF442B7CD19500B564DB /* Frameworks */ = {
			isa = PBXFrameworksBuildPhase;
			buildActionMask = 2147483647;
			files = (
				FAB4FF672B7CD34C00B564DB /* Toast in Frameworks */,
				FA6871722B7D1D7F0079D8CB /* FSCalendar in Frameworks */,
				FAB4FF642B7CD32000B564DB /* SnapKit in Frameworks */,
			);
			runOnlyForDeploymentPostprocessing = 0;
		};
/* End PBXFrameworksBuildPhase section */

/* Begin PBXGroup section */
		FA6871652B7CFC1F0079D8CB /* AddTodo */ = {
			isa = PBXGroup;
			children = (
				FA68716B2B7D101E0079D8CB /* AddTodoTableHeaderView.swift */,
				FA6871632B7CFC1B0079D8CB /* AddTodoViewController.swift */,
				FA6871662B7CFE120079D8CB /* AddTodoTableViewCell.swift */,
			);
			path = AddTodo;
			sourceTree = "<group>";
		};
		FA6871682B7D06570079D8CB /* Enum */ = {
			isa = PBXGroup;
			children = (
				FA6871692B7D066E0079D8CB /* SeSACColor.swift */,
			);
			path = Enum;
			sourceTree = "<group>";
		};
		FA68716D2B7D1D0B0079D8CB /* DueDate */ = {
			isa = PBXGroup;
			children = (
				FA68716E2B7D1D2D0079D8CB /* DueDateViewController.swift */,
			);
			path = DueDate;
			sourceTree = "<group>";
		};
		FAB4FF3E2B7CD19500B564DB = {
			isa = PBXGroup;
			children = (
				FAB4FF492B7CD19500B564DB /* SeSAC4TodoList */,
				FAB4FF482B7CD19500B564DB /* Products */,
			);
			sourceTree = "<group>";
		};
		FAB4FF482B7CD19500B564DB /* Products */ = {
			isa = PBXGroup;
			children = (
				FAB4FF472B7CD19500B564DB /* SeSAC4TodoList.app */,
			);
			name = Products;
			sourceTree = "<group>";
		};
		FAB4FF492B7CD19500B564DB /* SeSAC4TodoList */ = {
			isa = PBXGroup;
			children = (
				FA6871682B7D06570079D8CB /* Enum */,
				FAB4FF5E2B7CD2A400B564DB /* Base */,
				FAB4FF6E2B7CE21800B564DB /* Todo */,
				FAB4FF612B7CD2BA00B564DB /* Category */,
				FA6871652B7CFC1F0079D8CB /* AddTodo */,
				FA68716D2B7D1D0B0079D8CB /* DueDate */,
				FAB4FF4A2B7CD19500B564DB /* AppDelegate.swift */,
				FAB4FF4C2B7CD19500B564DB /* SceneDelegate.swift */,
				FAB4FF4E2B7CD19500B564DB /* ViewController.swift */,
				FAB4FF502B7CD19500B564DB /* Main.storyboard */,
				FAB4FF532B7CD19700B564DB /* Assets.xcassets */,
				FAB4FF552B7CD19700B564DB /* LaunchScreen.storyboard */,
				FAB4FF582B7CD19700B564DB /* Info.plist */,
			);
			path = SeSAC4TodoList;
			sourceTree = "<group>";
		};
		FAB4FF5E2B7CD2A400B564DB /* Base */ = {
			isa = PBXGroup;
			children = (
				FAB4FF5F2B7CD2AF00B564DB /* BaseViewController.swift */,
			);
			path = Base;
			sourceTree = "<group>";
		};
		FAB4FF612B7CD2BA00B564DB /* Category */ = {
			isa = PBXGroup;
			children = (
				FAB4FF682B7CD38200B564DB /* CategoryViewController.swift */,
				FAB4FF6A2B7CD7C800B564DB /* CategoryCollectionViewCell.swift */,
			);
			path = Category;
			sourceTree = "<group>";
		};
		FAB4FF6E2B7CE21800B564DB /* Todo */ = {
			isa = PBXGroup;
			children = (
				FAB4FF6C2B7CDCF500B564DB /* TodoModel.swift */,
			);
			path = Todo;
			sourceTree = "<group>";
		};
/* End PBXGroup section */

/* Begin PBXNativeTarget section */
		FAB4FF462B7CD19500B564DB /* SeSAC4TodoList */ = {
			isa = PBXNativeTarget;
			buildConfigurationList = FAB4FF5B2B7CD19700B564DB /* Build configuration list for PBXNativeTarget "SeSAC4TodoList" */;
			buildPhases = (
				FAB4FF432B7CD19500B564DB /* Sources */,
				FAB4FF442B7CD19500B564DB /* Frameworks */,
				FAB4FF452B7CD19500B564DB /* Resources */,
			);
			buildRules = (
			);
			dependencies = (
			);
			name = SeSAC4TodoList;
			packageProductDependencies = (
				FAB4FF632B7CD32000B564DB /* SnapKit */,
				FAB4FF662B7CD34C00B564DB /* Toast */,
				FA6871712B7D1D7F0079D8CB /* FSCalendar */,
			);
			productName = SeSAC4TodoList;
			productReference = FAB4FF472B7CD19500B564DB /* SeSAC4TodoList.app */;
			productType = "com.apple.product-type.application";
		};
/* End PBXNativeTarget section */

/* Begin PBXProject section */
		FAB4FF3F2B7CD19500B564DB /* Project object */ = {
			isa = PBXProject;
			attributes = {
				BuildIndependentTargetsInParallel = 1;
				LastSwiftUpdateCheck = 1510;
				LastUpgradeCheck = 1510;
				TargetAttributes = {
					FAB4FF462B7CD19500B564DB = {
						CreatedOnToolsVersion = 15.1;
					};
				};
			};
			buildConfigurationList = FAB4FF422B7CD19500B564DB /* Build configuration list for PBXProject "SeSAC4TodoList" */;
			compatibilityVersion = "Xcode 14.0";
			developmentRegion = en;
			hasScannedForEncodings = 0;
			knownRegions = (
				en,
				Base,
			);
			mainGroup = FAB4FF3E2B7CD19500B564DB;
			packageReferences = (
				FAB4FF622B7CD32000B564DB /* XCRemoteSwiftPackageReference "SnapKit" */,
				FAB4FF652B7CD34C00B564DB /* XCRemoteSwiftPackageReference "Toast-Swift" */,
				FA6871702B7D1D7F0079D8CB /* XCRemoteSwiftPackageReference "FSCalendar" */,
			);
			productRefGroup = FAB4FF482B7CD19500B564DB /* Products */;
			projectDirPath = "";
			projectRoot = "";
			targets = (
				FAB4FF462B7CD19500B564DB /* SeSAC4TodoList */,
			);
		};
/* End PBXProject section */

/* Begin PBXResourcesBuildPhase section */
		FAB4FF452B7CD19500B564DB /* Resources */ = {
			isa = PBXResourcesBuildPhase;
			buildActionMask = 2147483647;
			files = (
				FAB4FF572B7CD19700B564DB /* LaunchScreen.storyboard in Resources */,
				FAB4FF542B7CD19700B564DB /* Assets.xcassets in Resources */,
				FAB4FF522B7CD19500B564DB /* Main.storyboard in Resources */,
			);
			runOnlyForDeploymentPostprocessing = 0;
		};
/* End PBXResourcesBuildPhase section */

/* Begin PBXSourcesBuildPhase section */
		FAB4FF432B7CD19500B564DB /* Sources */ = {
			isa = PBXSourcesBuildPhase;
			buildActionMask = 2147483647;
			files = (
				FAB4FF692B7CD38200B564DB /* CategoryViewController.swift in Sources */,
				FA68716A2B7D066E0079D8CB /* SeSACColor.swift in Sources */,
				FA68716C2B7D101E0079D8CB /* AddTodoTableHeaderView.swift in Sources */,
				FAB4FF4F2B7CD19500B564DB /* ViewController.swift in Sources */,
				FA6871672B7CFE120079D8CB /* AddTodoTableViewCell.swift in Sources */,
				FA68716F2B7D1D2D0079D8CB /* DueDateViewController.swift in Sources */,
				FAB4FF602B7CD2AF00B564DB /* BaseViewController.swift in Sources */,
				FAB4FF4B2B7CD19500B564DB /* AppDelegate.swift in Sources */,
				FA6871642B7CFC1B0079D8CB /* AddTodoViewController.swift in Sources */,
				FAB4FF6B2B7CD7C800B564DB /* CategoryCollectionViewCell.swift in Sources */,
				FAB4FF6D2B7CDCF500B564DB /* TodoModel.swift in Sources */,
				FAB4FF4D2B7CD19500B564DB /* SceneDelegate.swift in Sources */,
			);
			runOnlyForDeploymentPostprocessing = 0;
		};
/* End PBXSourcesBuildPhase section */

/* Begin PBXVariantGroup section */
		FAB4FF502B7CD19500B564DB /* Main.storyboard */ = {
			isa = PBXVariantGroup;
			children = (
				FAB4FF512B7CD19500B564DB /* Base */,
			);
			name = Main.storyboard;
			sourceTree = "<group>";
		};
		FAB4FF552B7CD19700B564DB /* LaunchScreen.storyboard */ = {
			isa = PBXVariantGroup;
			children = (
				FAB4FF562B7CD19700B564DB /* Base */,
			);
			name = LaunchScreen.storyboard;
			sourceTree = "<group>";
		};
/* End PBXVariantGroup section */

/* Begin XCBuildConfiguration section */
		FAB4FF592B7CD19700B564DB /* Debug */ = {
			isa = XCBuildConfiguration;
			buildSettings = {
				ALWAYS_SEARCH_USER_PATHS = NO;
				ASSETCATALOG_COMPILER_GENERATE_SWIFT_ASSET_SYMBOL_EXTENSIONS = YES;
				CLANG_ANALYZER_NONNULL = YES;
				CLANG_ANALYZER_NUMBER_OBJECT_CONVERSION = YES_AGGRESSIVE;
				CLANG_CXX_LANGUAGE_STANDARD = "gnu++20";
				CLANG_ENABLE_MODULES = YES;
				CLANG_ENABLE_OBJC_ARC = YES;
				CLANG_ENABLE_OBJC_WEAK = YES;
				CLANG_WARN_BLOCK_CAPTURE_AUTORELEASING = YES;
				CLANG_WARN_BOOL_CONVERSION = YES;
				CLANG_WARN_COMMA = YES;
				CLANG_WARN_CONSTANT_CONVERSION = YES;
				CLANG_WARN_DEPRECATED_OBJC_IMPLEMENTATIONS = YES;
				CLANG_WARN_DIRECT_OBJC_ISA_USAGE = YES_ERROR;
				CLANG_WARN_DOCUMENTATION_COMMENTS = YES;
				CLANG_WARN_EMPTY_BODY = YES;
				CLANG_WARN_ENUM_CONVERSION = YES;
				CLANG_WARN_INFINITE_RECURSION = YES;
				CLANG_WARN_INT_CONVERSION = YES;
				CLANG_WARN_NON_LITERAL_NULL_CONVERSION = YES;
				CLANG_WARN_OBJC_IMPLICIT_RETAIN_SELF = YES;
				CLANG_WARN_OBJC_LITERAL_CONVERSION = YES;
				CLANG_WARN_OBJC_ROOT_CLASS = YES_ERROR;
				CLANG_WARN_QUOTED_INCLUDE_IN_FRAMEWORK_HEADER = YES;
				CLANG_WARN_RANGE_LOOP_ANALYSIS = YES;
				CLANG_WARN_STRICT_PROTOTYPES = YES;
				CLANG_WARN_SUSPICIOUS_MOVE = YES;
				CLANG_WARN_UNGUARDED_AVAILABILITY = YES_AGGRESSIVE;
				CLANG_WARN_UNREACHABLE_CODE = YES;
				CLANG_WARN__DUPLICATE_METHOD_MATCH = YES;
				COPY_PHASE_STRIP = NO;
				DEBUG_INFORMATION_FORMAT = dwarf;
				ENABLE_STRICT_OBJC_MSGSEND = YES;
				ENABLE_TESTABILITY = YES;
				ENABLE_USER_SCRIPT_SANDBOXING = YES;
				GCC_C_LANGUAGE_STANDARD = gnu17;
				GCC_DYNAMIC_NO_PIC = NO;
				GCC_NO_COMMON_BLOCKS = YES;
				GCC_OPTIMIZATION_LEVEL = 0;
				GCC_PREPROCESSOR_DEFINITIONS = (
					"DEBUG=1",
					"$(inherited)",
				);
				GCC_WARN_64_TO_32_BIT_CONVERSION = YES;
				GCC_WARN_ABOUT_RETURN_TYPE = YES_ERROR;
				GCC_WARN_UNDECLARED_SELECTOR = YES;
				GCC_WARN_UNINITIALIZED_AUTOS = YES_AGGRESSIVE;
				GCC_WARN_UNUSED_FUNCTION = YES;
				GCC_WARN_UNUSED_VARIABLE = YES;
				IPHONEOS_DEPLOYMENT_TARGET = 17.2;
				LOCALIZATION_PREFERS_STRING_CATALOGS = YES;
				MTL_ENABLE_DEBUG_INFO = INCLUDE_SOURCE;
				MTL_FAST_MATH = YES;
				ONLY_ACTIVE_ARCH = YES;
				SDKROOT = iphoneos;
				SWIFT_ACTIVE_COMPILATION_CONDITIONS = "DEBUG $(inherited)";
				SWIFT_OPTIMIZATION_LEVEL = "-Onone";
			};
			name = Debug;
		};
		FAB4FF5A2B7CD19700B564DB /* Release */ = {
			isa = XCBuildConfiguration;
			buildSettings = {
				ALWAYS_SEARCH_USER_PATHS = NO;
				ASSETCATALOG_COMPILER_GENERATE_SWIFT_ASSET_SYMBOL_EXTENSIONS = YES;
				CLANG_ANALYZER_NONNULL = YES;
				CLANG_ANALYZER_NUMBER_OBJECT_CONVERSION = YES_AGGRESSIVE;
				CLANG_CXX_LANGUAGE_STANDARD = "gnu++20";
				CLANG_ENABLE_MODULES = YES;
				CLANG_ENABLE_OBJC_ARC = YES;
				CLANG_ENABLE_OBJC_WEAK = YES;
				CLANG_WARN_BLOCK_CAPTURE_AUTORELEASING = YES;
				CLANG_WARN_BOOL_CONVERSION = YES;
				CLANG_WARN_COMMA = YES;
				CLANG_WARN_CONSTANT_CONVERSION = YES;
				CLANG_WARN_DEPRECATED_OBJC_IMPLEMENTATIONS = YES;
				CLANG_WARN_DIRECT_OBJC_ISA_USAGE = YES_ERROR;
				CLANG_WARN_DOCUMENTATION_COMMENTS = YES;
				CLANG_WARN_EMPTY_BODY = YES;
				CLANG_WARN_ENUM_CONVERSION = YES;
				CLANG_WARN_INFINITE_RECURSION = YES;
				CLANG_WARN_INT_CONVERSION = YES;
				CLANG_WARN_NON_LITERAL_NULL_CONVERSION = YES;
				CLANG_WARN_OBJC_IMPLICIT_RETAIN_SELF = YES;
				CLANG_WARN_OBJC_LITERAL_CONVERSION = YES;
				CLANG_WARN_OBJC_ROOT_CLASS = YES_ERROR;
				CLANG_WARN_QUOTED_INCLUDE_IN_FRAMEWORK_HEADER = YES;
				CLANG_WARN_RANGE_LOOP_ANALYSIS = YES;
				CLANG_WARN_STRICT_PROTOTYPES = YES;
				CLANG_WARN_SUSPICIOUS_MOVE = YES;
				CLANG_WARN_UNGUARDED_AVAILABILITY = YES_AGGRESSIVE;
				CLANG_WARN_UNREACHABLE_CODE = YES;
				CLANG_WARN__DUPLICATE_METHOD_MATCH = YES;
				COPY_PHASE_STRIP = NO;
				DEBUG_INFORMATION_FORMAT = "dwarf-with-dsym";
				ENABLE_NS_ASSERTIONS = NO;
				ENABLE_STRICT_OBJC_MSGSEND = YES;
				ENABLE_USER_SCRIPT_SANDBOXING = YES;
				GCC_C_LANGUAGE_STANDARD = gnu17;
				GCC_NO_COMMON_BLOCKS = YES;
				GCC_WARN_64_TO_32_BIT_CONVERSION = YES;
				GCC_WARN_ABOUT_RETURN_TYPE = YES_ERROR;
				GCC_WARN_UNDECLARED_SELECTOR = YES;
				GCC_WARN_UNINITIALIZED_AUTOS = YES_AGGRESSIVE;
				GCC_WARN_UNUSED_FUNCTION = YES;
				GCC_WARN_UNUSED_VARIABLE = YES;
				IPHONEOS_DEPLOYMENT_TARGET = 17.2;
				LOCALIZATION_PREFERS_STRING_CATALOGS = YES;
				MTL_ENABLE_DEBUG_INFO = NO;
				MTL_FAST_MATH = YES;
				SDKROOT = iphoneos;
				SWIFT_COMPILATION_MODE = wholemodule;
				VALIDATE_PRODUCT = YES;
			};
			name = Release;
		};
		FAB4FF5C2B7CD19700B564DB /* Debug */ = {
			isa = XCBuildConfiguration;
			buildSettings = {
				ASSETCATALOG_COMPILER_APPICON_NAME = AppIcon;
				ASSETCATALOG_COMPILER_GLOBAL_ACCENT_COLOR_NAME = AccentColor;
				CODE_SIGN_STYLE = Automatic;
				CURRENT_PROJECT_VERSION = 1;
				DEVELOPMENT_TEAM = JJS82CC46U;
				GENERATE_INFOPLIST_FILE = YES;
				INFOPLIST_FILE = SeSAC4TodoList/Info.plist;
				INFOPLIST_KEY_UIApplicationSupportsIndirectInputEvents = YES;
				INFOPLIST_KEY_UILaunchStoryboardName = LaunchScreen;
				INFOPLIST_KEY_UIMainStoryboardFile = Main;
				INFOPLIST_KEY_UISupportedInterfaceOrientations = UIInterfaceOrientationPortrait;
				INFOPLIST_KEY_UISupportedInterfaceOrientations_iPad = "UIInterfaceOrientationLandscapeLeft UIInterfaceOrientationLandscapeRight UIInterfaceOrientationPortrait UIInterfaceOrientationPortraitUpsideDown";
				LD_RUNPATH_SEARCH_PATHS = (
					"$(inherited)",
					"@executable_path/Frameworks",
				);
				MARKETING_VERSION = 1.0;
				PRODUCT_BUNDLE_IDENTIFIER = com.misung.SeSAC4TodoList;
				PRODUCT_NAME = "$(TARGET_NAME)";
				SUPPORTED_PLATFORMS = "iphoneos iphonesimulator";
				SUPPORTS_MACCATALYST = NO;
				SUPPORTS_MAC_DESIGNED_FOR_IPHONE_IPAD = NO;
				SWIFT_EMIT_LOC_STRINGS = YES;
				SWIFT_VERSION = 5.0;
				TARGETED_DEVICE_FAMILY = 1;
			};
			name = Debug;
		};
		FAB4FF5D2B7CD19700B564DB /* Release */ = {
			isa = XCBuildConfiguration;
			buildSettings = {
				ASSETCATALOG_COMPILER_APPICON_NAME = AppIcon;
				ASSETCATALOG_COMPILER_GLOBAL_ACCENT_COLOR_NAME = AccentColor;
				CODE_SIGN_STYLE = Automatic;
				CURRENT_PROJECT_VERSION = 1;
				DEVELOPMENT_TEAM = JJS82CC46U;
				GENERATE_INFOPLIST_FILE = YES;
				INFOPLIST_FILE = SeSAC4TodoList/Info.plist;
				INFOPLIST_KEY_UIApplicationSupportsIndirectInputEvents = YES;
				INFOPLIST_KEY_UILaunchStoryboardName = LaunchScreen;
				INFOPLIST_KEY_UIMainStoryboardFile = Main;
				INFOPLIST_KEY_UISupportedInterfaceOrientations = UIInterfaceOrientationPortrait;
				INFOPLIST_KEY_UISupportedInterfaceOrientations_iPad = "UIInterfaceOrientationLandscapeLeft UIInterfaceOrientationLandscapeRight UIInterfaceOrientationPortrait UIInterfaceOrientationPortraitUpsideDown";
				LD_RUNPATH_SEARCH_PATHS = (
					"$(inherited)",
					"@executable_path/Frameworks",
				);
				MARKETING_VERSION = 1.0;
				PRODUCT_BUNDLE_IDENTIFIER = com.misung.SeSAC4TodoList;
				PRODUCT_NAME = "$(TARGET_NAME)";
				SUPPORTED_PLATFORMS = "iphoneos iphonesimulator";
				SUPPORTS_MACCATALYST = NO;
				SUPPORTS_MAC_DESIGNED_FOR_IPHONE_IPAD = NO;
				SWIFT_EMIT_LOC_STRINGS = YES;
				SWIFT_VERSION = 5.0;
				TARGETED_DEVICE_FAMILY = 1;
			};
			name = Release;
		};
/* End XCBuildConfiguration section */

/* Begin XCConfigurationList section */
		FAB4FF422B7CD19500B564DB /* Build configuration list for PBXProject "SeSAC4TodoList" */ = {
			isa = XCConfigurationList;
			buildConfigurations = (
				FAB4FF592B7CD19700B564DB /* Debug */,
				FAB4FF5A2B7CD19700B564DB /* Release */,
			);
			defaultConfigurationIsVisible = 0;
			defaultConfigurationName = Release;
		};
		FAB4FF5B2B7CD19700B564DB /* Build configuration list for PBXNativeTarget "SeSAC4TodoList" */ = {
			isa = XCConfigurationList;
			buildConfigurations = (
				FAB4FF5C2B7CD19700B564DB /* Debug */,
				FAB4FF5D2B7CD19700B564DB /* Release */,
			);
			defaultConfigurationIsVisible = 0;
			defaultConfigurationName = Release;
		};
/* End XCConfigurationList section */

/* Begin XCRemoteSwiftPackageReference section */
		FA6871702B7D1D7F0079D8CB /* XCRemoteSwiftPackageReference "FSCalendar" */ = {
			isa = XCRemoteSwiftPackageReference;
			repositoryURL = "https://github.com/WenchaoD/FSCalendar.git";
			requirement = {
				kind = upToNextMajorVersion;
				minimumVersion = 2.8.4;
			};
		};
		FAB4FF622B7CD32000B564DB /* XCRemoteSwiftPackageReference "SnapKit" */ = {
			isa = XCRemoteSwiftPackageReference;
			repositoryURL = "https://github.com/SnapKit/SnapKit.git";
			requirement = {
				kind = upToNextMajorVersion;
				minimumVersion = 5.7.0;
			};
		};
		FAB4FF652B7CD34C00B564DB /* XCRemoteSwiftPackageReference "Toast-Swift" */ = {
			isa = XCRemoteSwiftPackageReference;
			repositoryURL = "https://github.com/scalessec/Toast-Swift.git";
			requirement = {
				kind = upToNextMajorVersion;
				minimumVersion = 5.1.0;
			};
		};
/* End XCRemoteSwiftPackageReference section */

/* Begin XCSwiftPackageProductDependency section */
		FA6871712B7D1D7F0079D8CB /* FSCalendar */ = {
			isa = XCSwiftPackageProductDependency;
			package = FA6871702B7D1D7F0079D8CB /* XCRemoteSwiftPackageReference "FSCalendar" */;
			productName = FSCalendar;
		};
		FAB4FF632B7CD32000B564DB /* SnapKit */ = {
			isa = XCSwiftPackageProductDependency;
			package = FAB4FF622B7CD32000B564DB /* XCRemoteSwiftPackageReference "SnapKit" */;
			productName = SnapKit;
		};
		FAB4FF662B7CD34C00B564DB /* Toast */ = {
			isa = XCSwiftPackageProductDependency;
			package = FAB4FF652B7CD34C00B564DB /* XCRemoteSwiftPackageReference "Toast-Swift" */;
			productName = Toast;
		};
/* End XCSwiftPackageProductDependency section */
	};
	rootObject = FAB4FF3F2B7CD19500B564DB /* Project object */;
}
